
Microsoft Visual Studio Solution File, Format Version 12.00
# Visual Studio Version 17
VisualStudioVersion = 17.8.34511.84
MinimumVisualStudioVersion = 10.0.40219.1
Project("{FAE04EC0-301F-11D3-BF4B-00C04F79EFBC}") = "RegistoMovimentosSrJoaquim", "RegistoMovimentosSrJoaquim.csproj", "{F3C4E3D0-E7EB-41B8-B39A-72F0574A78ED}"
EndProject
Global
	GlobalSection(SolutionConfigurationPlatforms) = preSolution
		Debug|Any CPU = Debug|Any CPU
		Release|Any CPU = Release|Any CPU
	EndGlobalSection
	GlobalSection(ProjectConfigurationPlatforms) = postSolution
		{F3C4E3D0-E7EB-41B8-B39A-72F0574A78ED}.Debug|Any CPU.ActiveCfg = Debug|Any CPU
		{F3C4E3D0-E7EB-41B8-B39A-72F0574A78ED}.Debug|Any CPU.Build.0 = Debug|Any CPU
		{F3C4E3D0-E7EB-41B8-B39A-72F0574A78ED}.Release|Any CPU.ActiveCfg = Release|Any CPU
		{F3C4E3D0-E7EB-41B8-B39A-72F0574A78ED}.Release|Any CPU.Build.0 = Release|Any CPU
	EndGlobalSection
	GlobalSection(SolutionProperties) = preSolution
		HideSolutionNode = FALSE
	EndGlobalSection
	GlobalSection(ExtensibilityGlobals) = postSolution
		SolutionGuid = {9CE54EA3-FB96-44E5-BA8B-600B59C0F031}
	EndGlobalSection
EndGlobal
